
Microsoft Visual Studio Solution File, Format Version 12.00
# Visual Studio Version 17
VisualStudioVersion = 17.11.35208.52
MinimumVisualStudioVersion = 10.0.40219.1
Project("{9A19103F-16F7-4668-BE54-9A1E7A4F7556}") = "MovieAppMateoPillajo", "MovieApp_MateoPillajo\MovieAppMateoPillajo.csproj", "{51401AE8-9B08-41C6-9DEA-D644B863CF31}"
EndProject
Global
	GlobalSection(SolutionConfigurationPlatforms) = preSolution
		Debug|Any CPU = Debug|Any CPU
		Release|Any CPU = Release|Any CPU
	EndGlobalSection
	GlobalSection(ProjectConfigurationPlatforms) = postSolution
		{51401AE8-9B08-41C6-9DEA-D644B863CF31}.Debug|Any CPU.ActiveCfg = Debug|Any CPU
		{51401AE8-9B08-41C6-9DEA-D644B863CF31}.Debug|Any CPU.Build.0 = Debug|Any CPU
		{51401AE8-9B08-41C6-9DEA-D644B863CF31}.Debug|Any CPU.Deploy.0 = Debug|Any CPU
		{51401AE8-9B08-41C6-9DEA-D644B863CF31}.Release|Any CPU.ActiveCfg = Release|Any CPU
		{51401AE8-9B08-41C6-9DEA-D644B863CF31}.Release|Any CPU.Build.0 = Release|Any CPU
		{51401AE8-9B08-41C6-9DEA-D644B863CF31}.Release|Any CPU.Deploy.0 = Release|Any CPU
	EndGlobalSection
	GlobalSection(SolutionProperties) = preSolution
		HideSolutionNode = FALSE
	EndGlobalSection
	GlobalSection(ExtensibilityGlobals) = postSolution
		SolutionGuid = {2105C0C6-35F3-454A-AE10-34C797D169F0}
	EndGlobalSection
EndGlobal
